
Microsoft Visual Studio Solution File, Format Version 12.00
# Visual Studio 14
VisualStudioVersion = 14.0.25420.1
MinimumVisualStudioVersion = 10.0.40219.1
Project("{FAE04EC0-301F-11D3-BF4B-00C04F79EFBC}") = "CodingDojo1", "..\..\CodingDojo1\CodingDojo1.csproj", "{7118C763-D7DF-43A8-B8F3-BE4F03807468}"
EndProject
Project("{FAE04EC0-301F-11D3-BF4B-00C04F79EFBC}") = "CodingDojo2", "..\..\CodingDojo2\CodingDojo2.csproj", "{C04D7AB6-BBF3-45D5-B4CF-304705A92F54}"
EndProject
Project("{FAE04EC0-301F-11D3-BF4B-00C04F79EFBC}") = "Real_World_Problem_Dojo", "Real_World_Problem_Dojo\Real_World_Problem_Dojo.csproj", "{67021E2D-50C8-44F8-99A1-C1BA6C487ABE}"
EndProject
Project("{FAE04EC0-301F-11D3-BF4B-00C04F79EFBC}") = "Shapes", "Shapes\Shapes.csproj", "{EE910B62-B082-431C-8381-B403F5AD7BDD}"
EndProject
Project("{FAE04EC0-301F-11D3-BF4B-00C04F79EFBC}") = "CodingDojo3", "CodingDojo3\CodingDojo3.csproj", "{E10CBC90-0C02-45F0-9945-45E4813A1A9B}"
EndProject
Project("{FAE04EC0-301F-11D3-BF4B-00C04F79EFBC}") = "BookExercise1+2", "BookExercise1\BookExercise1+2.csproj", "{0CEAEADA-7B5A-4A5C-B4DB-D30C9C788E9C}"
EndProject
Project("{FAE04EC0-301F-11D3-BF4B-00C04F79EFBC}") = "BookExercise3", "BookExercise3\BookExercise3.csproj", "{C0A41881-29C0-430B-A0DC-2E1784D736B0}"
EndProject
Project("{FAE04EC0-301F-11D3-BF4B-00C04F79EFBC}") = "ToDoList", "ToDoList\ToDoList.csproj", "{E514912F-9DBF-4410-9129-C57DD4C04609}"
EndProject
Global
	GlobalSection(SolutionConfigurationPlatforms) = preSolution
		Debug|Any CPU = Debug|Any CPU
		Release|Any CPU = Release|Any CPU
	EndGlobalSection
	GlobalSection(ProjectConfigurationPlatforms) = postSolution
		{7118C763-D7DF-43A8-B8F3-BE4F03807468}.Debug|Any CPU.ActiveCfg = Debug|Any CPU
		{7118C763-D7DF-43A8-B8F3-BE4F03807468}.Debug|Any CPU.Build.0 = Debug|Any CPU
		{7118C763-D7DF-43A8-B8F3-BE4F03807468}.Release|Any CPU.ActiveCfg = Release|Any CPU
		{7118C763-D7DF-43A8-B8F3-BE4F03807468}.Release|Any CPU.Build.0 = Release|Any CPU
		{C04D7AB6-BBF3-45D5-B4CF-304705A92F54}.Debug|Any CPU.ActiveCfg = Debug|Any CPU
		{C04D7AB6-BBF3-45D5-B4CF-304705A92F54}.Debug|Any CPU.Build.0 = Debug|Any CPU
		{C04D7AB6-BBF3-45D5-B4CF-304705A92F54}.Release|Any CPU.ActiveCfg = Release|Any CPU
		{C04D7AB6-BBF3-45D5-B4CF-304705A92F54}.Release|Any CPU.Build.0 = Release|Any CPU
		{67021E2D-50C8-44F8-99A1-C1BA6C487ABE}.Debug|Any CPU.ActiveCfg = Debug|Any CPU
		{67021E2D-50C8-44F8-99A1-C1BA6C487ABE}.Debug|Any CPU.Build.0 = Debug|Any CPU
		{67021E2D-50C8-44F8-99A1-C1BA6C487ABE}.Release|Any CPU.ActiveCfg = Release|Any CPU
		{67021E2D-50C8-44F8-99A1-C1BA6C487ABE}.Release|Any CPU.Build.0 = Release|Any CPU
		{EE910B62-B082-431C-8381-B403F5AD7BDD}.Debug|Any CPU.ActiveCfg = Debug|Any CPU
		{EE910B62-B082-431C-8381-B403F5AD7BDD}.Debug|Any CPU.Build.0 = Debug|Any CPU
		{EE910B62-B082-431C-8381-B403F5AD7BDD}.Release|Any CPU.ActiveCfg = Release|Any CPU
		{EE910B62-B082-431C-8381-B403F5AD7BDD}.Release|Any CPU.Build.0 = Release|Any CPU
		{E10CBC90-0C02-45F0-9945-45E4813A1A9B}.Debug|Any CPU.ActiveCfg = Debug|Any CPU
		{E10CBC90-0C02-45F0-9945-45E4813A1A9B}.Debug|Any CPU.Build.0 = Debug|Any CPU
		{E10CBC90-0C02-45F0-9945-45E4813A1A9B}.Release|Any CPU.ActiveCfg = Release|Any CPU
		{E10CBC90-0C02-45F0-9945-45E4813A1A9B}.Release|Any CPU.Build.0 = Release|Any CPU
		{0CEAEADA-7B5A-4A5C-B4DB-D30C9C788E9C}.Debug|Any CPU.ActiveCfg = Debug|Any CPU
		{0CEAEADA-7B5A-4A5C-B4DB-D30C9C788E9C}.Debug|Any CPU.Build.0 = Debug|Any CPU
		{0CEAEADA-7B5A-4A5C-B4DB-D30C9C788E9C}.Release|Any CPU.ActiveCfg = Release|Any CPU
		{0CEAEADA-7B5A-4A5C-B4DB-D30C9C788E9C}.Release|Any CPU.Build.0 = Release|Any CPU
		{C0A41881-29C0-430B-A0DC-2E1784D736B0}.Debug|Any CPU.ActiveCfg = Debug|Any CPU
		{C0A41881-29C0-430B-A0DC-2E1784D736B0}.Debug|Any CPU.Build.0 = Debug|Any CPU
		{C0A41881-29C0-430B-A0DC-2E1784D736B0}.Release|Any CPU.ActiveCfg = Release|Any CPU
		{C0A41881-29C0-430B-A0DC-2E1784D736B0}.Release|Any CPU.Build.0 = Release|Any CPU
		{E514912F-9DBF-4410-9129-C57DD4C04609}.Debug|Any CPU.ActiveCfg = Debug|Any CPU
		{E514912F-9DBF-4410-9129-C57DD4C04609}.Debug|Any CPU.Build.0 = Debug|Any CPU
		{E514912F-9DBF-4410-9129-C57DD4C04609}.Release|Any CPU.ActiveCfg = Release|Any CPU
		{E514912F-9DBF-4410-9129-C57DD4C04609}.Release|Any CPU.Build.0 = Release|Any CPU
	EndGlobalSection
	GlobalSection(SolutionProperties) = preSolution
		HideSolutionNode = FALSE
	EndGlobalSection
EndGlobal
